
Microsoft Visual Studio Solution File, Format Version 12.00
# Visual Studio Version 17
VisualStudioVersion = 17.7.34221.43
MinimumVisualStudioVersion = 10.0.40219.1
Project("{FAE04EC0-301F-11D3-BF4B-00C04F79EFBC}") = "sysprog-01.02-2-", "sysprog-01.02-2-\sysprog-01.02-2-.csproj", "{CA3637AC-315A-4C94-8481-5C0BAA7E4016}"
EndProject
Global
	GlobalSection(SolutionConfigurationPlatforms) = preSolution
		Debug|Any CPU = Debug|Any CPU
		Release|Any CPU = Release|Any CPU
	EndGlobalSection
	GlobalSection(ProjectConfigurationPlatforms) = postSolution
		{CA3637AC-315A-4C94-8481-5C0BAA7E4016}.Debug|Any CPU.ActiveCfg = Debug|Any CPU
		{CA3637AC-315A-4C94-8481-5C0BAA7E4016}.Debug|Any CPU.Build.0 = Debug|Any CPU
		{CA3637AC-315A-4C94-8481-5C0BAA7E4016}.Release|Any CPU.ActiveCfg = Release|Any CPU
		{CA3637AC-315A-4C94-8481-5C0BAA7E4016}.Release|Any CPU.Build.0 = Release|Any CPU
	EndGlobalSection
	GlobalSection(SolutionProperties) = preSolution
		HideSolutionNode = FALSE
	EndGlobalSection
	GlobalSection(ExtensibilityGlobals) = postSolution
		SolutionGuid = {418F0366-81E0-4539-BB45-5FF0E24965A4}
	EndGlobalSection
EndGlobal
